PODS:
  - AppLovinSDK (12.6.0)
  - AppsFlyerFramework (6.13.2):
    - AppsFlyerFramework/Main (= 6.13.2)
  - AppsFlyerFramework/Main (6.13.2)
  - ChartboostSDK (9.7.0)
  - DivKit (24.2.0):
    - DivKit_Base (= 24.2.0)
    - DivKit_BaseTiny (= 24.2.0)
    - DivKit_BaseUI (= 24.2.0)
    - DivKit_CommonCore (= 24.2.0)
    - DivKit_LayoutKit (= 24.2.0)
    - DivKit_LayoutKitInterface (= 24.2.0)
    - DivKit_Networking (= 24.2.0)
    - DivKit_Serialization (= 24.2.0)
  - DivKit_Base (24.2.0):
    - DivKit_BaseTiny (= 24.2.0)
    - DivKit_BaseUI (= 24.2.0)
  - DivKit_BaseTiny (24.2.0)
  - DivKit_BaseUI (24.2.0):
    - DivKit_BaseTiny (= 24.2.0)
  - DivKit_CommonCore (24.2.0):
    - DivKit_Base (= 24.2.0)
    - DivKit_BaseTiny (= 24.2.0)
  - DivKit_LayoutKit (24.2.0):
    - DivKit_BaseTiny (= 24.2.0)
    - DivKit_BaseUI (= 24.2.0)
    - DivKit_CommonCore (= 24.2.0)
    - DivKit_LayoutKitInterface (= 24.2.0)
  - DivKit_LayoutKitInterface (24.2.0):
    - DivKit_Base (= 24.2.0)
    - DivKit_BaseTiny (= 24.2.0)
    - DivKit_BaseUI (= 24.2.0)
  - DivKit_Networking (24.2.0):
    - DivKit_Base (= 24.2.0)
  - DivKit_Serialization (24.2.0):
    - DivKit_CommonCore (= 24.2.0)
  - FBAEMKit (16.3.1):
    - FBSDKCoreKit_Basics (= 16.3.1)
  - FBAudienceNetwork (6.15.1)
  - FBSDKCoreKit (16.3.1):
    - FBAEMKit (= 16.3.1)
    - FBSDKCoreKit_Basics (= 16.3.1)
  - FBSDKCoreKit_Basics (16.3.1)
  - Firebase/Analytics (10.24.0):
    - Firebase/Core
  - Firebase/Core (10.24.0):
    - Firebase/CoreOnly
    - FirebaseAnalytics (~> 10.24.0)
  - Firebase/CoreOnly (10.24.0):
    - FirebaseCore (= 10.24.0)
  - FirebaseAnalytics (10.24.0):
    - FirebaseAnalytics/AdIdSupport (= 10.24.0)
    - FirebaseCore (~> 10.0)
    - FirebaseInstallations (~> 10.0)
    - GoogleUtilities/AppDelegateSwizzler (~> 7.11)
    - GoogleUtilities/MethodSwizzler (~> 7.11)
    - GoogleUtilities/Network (~> 7.11)
    - "GoogleUtilities/NSData+zlib (~> 7.11)"
    - nanopb (< 2.30911.0, >= 2.30908.0)
  - FirebaseAnalytics/AdIdSupport (10.24.0):
    - FirebaseCore (~> 10.0)
    - FirebaseInstallations (~> 10.0)
    - GoogleAppMeasurement (= 10.24.0)
    - GoogleUtilities/AppDelegateSwizzler (~> 7.11)
    - GoogleUtilities/MethodSwizzler (~> 7.11)
    - GoogleUtilities/Network (~> 7.11)
    - "GoogleUtilities/NSData+zlib (~> 7.11)"
    - nanopb (< 2.30911.0, >= 2.30908.0)
  - FirebaseCore (10.24.0):
    - FirebaseCoreInternal (~> 10.0)
    - GoogleUtilities/Environment (~> 7.12)
    - GoogleUtilities/Logger (~> 7.12)
  - FirebaseCoreInternal (10.29.0):
    - "GoogleUtilities/NSData+zlib (~> 7.8)"
  - FirebaseInstallations (10.29.0):
    - FirebaseCore (~> 10.0)
    - GoogleUtilities/Environment (~> 7.8)
    - GoogleUtilities/UserDefaults (~> 7.8)
    - PromisesObjC (~> 2.1)
  - Fyber_Marketplace_SDK (8.2.8)
  - Google-Mobile-Ads-SDK (11.7.0):
    - GoogleUserMessagingPlatform (>= 1.1)
  - GoogleAppMeasurement (10.24.0):
    - GoogleAppMeasurement/AdIdSupport (= 10.24.0)
    - GoogleUtilities/AppDelegateSwizzler (~> 7.11)
    - GoogleUtilities/MethodSwizzler (~> 7.11)
    - GoogleUtilities/Network (~> 7.11)
    - "GoogleUtilities/NSData+zlib (~> 7.11)"
    - nanopb (< 2.30911.0, >= 2.30908.0)
  - GoogleAppMeasurement/AdIdSupport (10.24.0):
    - GoogleAppMeasurement/WithoutAdIdSupport (= 10.24.0)
    - GoogleUtilities/AppDelegateSwizzler (~> 7.11)
    - GoogleUtilities/MethodSwizzler (~> 7.11)
    - GoogleUtilities/Network (~> 7.11)
    - "GoogleUtilities/NSData+zlib (~> 7.11)"
    - nanopb (< 2.30911.0, >= 2.30908.0)
  - GoogleAppMeasurement/WithoutAdIdSupport (10.24.0):
    - GoogleUtilities/AppDelegateSwizzler (~> 7.11)
    - GoogleUtilities/MethodSwizzler (~> 7.11)
    - GoogleUtilities/Network (~> 7.11)
    - "GoogleUtilities/NSData+zlib (~> 7.11)"
    - nanopb (< 2.30911.0, >= 2.30908.0)
  - GoogleMobileAdsMediationAppLovin (12.6.0.0):
    - AppLovinSDK (= 12.6.0)
    - Google-Mobile-Ads-SDK (~> 11.0)
  - GoogleMobileAdsMediationChartboost (9.7.0.0):
    - ChartboostSDK (= 9.7.0)
    - Google-Mobile-Ads-SDK (~> 11.0)
  - GoogleMobileAdsMediationFacebook (6.15.1.0):
    - FBAudienceNetwork (= 6.15.1)
    - Google-Mobile-Ads-SDK (~> 11.0)
  - GoogleMobileAdsMediationFyber (8.2.8.0):
    - Fyber_Marketplace_SDK (= 8.2.8)
    - Google-Mobile-Ads-SDK (~> 11.0)
  - GoogleMobileAdsMediationIronSource (7.9.0.0.0):
    - Google-Mobile-Ads-SDK (~> 11.0)
    - IronSourceSDK (= 7.9.0.0)
  - GoogleMobileAdsMediationMintegral (7.6.2.0):
    - Google-Mobile-Ads-SDK (~> 11.0)
    - MintegralAdSDK/All (= 7.6.2)
  - GoogleMobileAdsMediationUnity (4.12.1.0):
    - Google-Mobile-Ads-SDK (~> 11.0)
    - UnityAds (= 4.12.1)
  - GoogleMobileAdsMediationVungle (7.3.1.0):
    - Google-Mobile-Ads-SDK (~> 11.0)
    - VungleAds (= 7.3.1)
  - GoogleUserMessagingPlatform (2.1.0)
  - GoogleUtilities/AppDelegateSwizzler (7.13.3):
    - GoogleUtilities/Environment
    - GoogleUtilities/Logger
    - GoogleUtilities/Network
    - GoogleUtilities/Privacy
  - GoogleUtilities/Environment (7.13.3):
    - GoogleUtilities/Privacy
    - PromisesObjC (< 3.0, >= 1.2)
  - GoogleUtilities/Logger (7.13.3):
    - GoogleUtilities/Environment
    - GoogleUtilities/Privacy
  - GoogleUtilities/MethodSwizzler (7.13.3):
    - GoogleUtilities/Logger
    - GoogleUtilities/Privacy
  - GoogleUtilities/Network (7.13.3):
    - GoogleUtilities/Logger
    - "GoogleUtilities/NSData+zlib"
    - GoogleUtilities/Privacy
    - GoogleUtilities/Reachability
  - "GoogleUtilities/NSData+zlib (7.13.3)":
    - GoogleUtilities/Privacy
  - GoogleUtilities/Privacy (7.13.3)
  - GoogleUtilities/Reachability (7.13.3):
    - GoogleUtilities/Logger
    - GoogleUtilities/Privacy
  - GoogleUtilities/UserDefaults (7.13.3):
    - GoogleUtilities/Logger
    - GoogleUtilities/Privacy
  - IronSourceSDK (7.9.0.0)
  - IvyiOSSdk (0.1.0):
    - AppsFlyerFramework (= 6.13.2)
    - FBSDKCoreKit (= 16.3.1)
    - Firebase/Analytics (= 10.24.0)
    - Firebase/Core (= 10.24.0)
    - Google-Mobile-Ads-SDK (~> 11.0)
    - GoogleMobileAdsMediationAppLovin (= 12.6.0.0)
    - GoogleMobileAdsMediationChartboost (= 9.7.0.0)
    - GoogleMobileAdsMediationFacebook (= 6.15.1.0)
    - GoogleMobileAdsMediationFyber (= 8.2.8.0)
    - GoogleMobileAdsMediationIronSource (= 7.9.0.0)
    - GoogleMobileAdsMediationMintegral (= 7.6.2.0)
    - GoogleMobileAdsMediationUnity (= 4.12.1.0)
    - GoogleMobileAdsMediationVungle (= 7.3.1.0)
    - GoogleUserMessagingPlatform (= 2.1.0)
    - YandexMobileAds (= 5.9.1)
  - MintegralAdSDK/All (7.6.2):
    - MintegralAdSDK/BannerAd
    - MintegralAdSDK/BidNativeAd
    - MintegralAdSDK/InterstitialVideoAd
    - MintegralAdSDK/NativeAd
    - MintegralAdSDK/NativeAdvancedAd
    - MintegralAdSDK/NewInterstitialAd
    - MintegralAdSDK/RewardVideoAd
    - MintegralAdSDK/SplashAd
  - MintegralAdSDK/BannerAd (7.6.2):
    - MintegralAdSDK/NativeAd
  - MintegralAdSDK/BidNativeAd (7.6.2):
    - MintegralAdSDK/NativeAd
  - MintegralAdSDK/InterstitialVideoAd (7.6.2):
    - MintegralAdSDK/NativeAd
  - MintegralAdSDK/NativeAd (7.6.2)
  - MintegralAdSDK/NativeAdvancedAd (7.6.2):
    - MintegralAdSDK/NativeAd
  - MintegralAdSDK/NewInterstitialAd (7.6.2):
    - MintegralAdSDK/InterstitialVideoAd
    - MintegralAdSDK/NativeAd
  - MintegralAdSDK/RewardVideoAd (7.6.2):
    - MintegralAdSDK/NativeAd
  - MintegralAdSDK/SplashAd (7.6.2):
    - MintegralAdSDK/NativeAd
  - nanopb (2.30910.0):
    - nanopb/decode (= 2.30910.0)
    - nanopb/encode (= 2.30910.0)
  - nanopb/decode (2.30910.0)
  - nanopb/encode (2.30910.0)
  - PromisesObjC (2.4.0)
  - UnityAds (4.12.1)
  - VungleAds (7.3.1)
  - YandexMobileAds (5.9.1):
    - DivKit (~> 24.2)
    - YandexMobileAds/Static (= 5.9.1)
  - YandexMobileAds/Static (5.9.1):
    - DivKit (~> 24.2)
    - YandexMobileMetrica (< 5.0.0, >= 4.0.0)
  - YandexMobileMetrica (4.5.2):
    - YandexMobileMetrica/Static (= 4.5.2)
  - YandexMobileMetrica/Static (4.5.2):
    - YandexMobileMetrica/Static/Core (= 4.5.2)
    - YandexMobileMetrica/Static/Crashes (= 4.5.2)
  - YandexMobileMetrica/Static/Core (4.5.2)
  - YandexMobileMetrica/Static/Crashes (4.5.2):
    - YandexMobileMetrica/Static/Core

DEPENDENCIES:
  - IvyiOSSdk (from `../`)

SPEC REPOS:
  trunk:
    - AppLovinSDK
    - AppsFlyerFramework
    - ChartboostSDK
    - DivKit
    - DivKit_Base
    - DivKit_BaseTiny
    - DivKit_BaseUI
    - DivKit_CommonCore
    - DivKit_LayoutKit
    - DivKit_LayoutKitInterface
    - DivKit_Networking
    - DivKit_Serialization
    - FBAEMKit
    - FBAudienceNetwork
    - FBSDKCoreKit
    - FBSDKCoreKit_Basics
    - Firebase
    - FirebaseAnalytics
    - FirebaseCore
    - FirebaseCoreInternal
    - FirebaseInstallations
    - Fyber_Marketplace_SDK
    - Google-Mobile-Ads-SDK
    - GoogleAppMeasurement
    - GoogleMobileAdsMediationAppLovin
    - GoogleMobileAdsMediationChartboost
    - GoogleMobileAdsMediationFacebook
    - GoogleMobileAdsMediationFyber
    - GoogleMobileAdsMediationIronSource
    - GoogleMobileAdsMediationMintegral
    - GoogleMobileAdsMediationUnity
    - GoogleMobileAdsMediationVungle
    - GoogleUserMessagingPlatform
    - GoogleUtilities
    - IronSourceSDK
    - MintegralAdSDK
    - nanopb
    - PromisesObjC
    - UnityAds
    - VungleAds
    - YandexMobileAds
    - YandexMobileMetrica

EXTERNAL SOURCES:
  IvyiOSSdk:
    :path: "../"

SPEC CHECKSUMS:
  AppLovinSDK: 76c1f378b8492110a197c288ea4907930d703829
  AppsFlyerFramework: 39efd4d2523ca9e3234805aea0c6b3c3a4a387d1
  ChartboostSDK: 0cd093c90a5a21c89783fe5be486e511fb2dbfc8
  DivKit: f2151bd0bfc67e0b4ad949e8cd1caa7379253bef
  DivKit_Base: 263499ebc77c217314d4bee1b374781c3643c8a9
  DivKit_BaseTiny: 42535fa725058957129f231b4b52d394ed4d7ea9
  DivKit_BaseUI: cb86da6096de4a3bb670b4196ddeed0334acd671
  DivKit_CommonCore: dd26a3f7dcc9010ec3a4ed3c5c3718e7a882536a
  DivKit_LayoutKit: cdcfa56dd6a88495703350bb63f410dde426435c
  DivKit_LayoutKitInterface: f0dae7b2e7a024d0340914490b1c06c0e6a926ae
  DivKit_Networking: cd028559a160baa76c43fda52174f2f83c87b747
  DivKit_Serialization: b4d8a4672de9134889c5f92f5f7e04e04112e660
  FBAEMKit: 6c7b5eb77c96861bb59e040842c6e55bf39512ce
  FBAudienceNetwork: 80871c3b3057e89ab36d9eb79344be20377e3994
  FBSDKCoreKit: 5e4dd478947ab1bcc887e8cfadeae0727af1a942
  FBSDKCoreKit_Basics: cd7b5f5d1e8868c26706917919d058999ca672c3
  Firebase: 91fefd38712feb9186ea8996af6cbdef41473442
  FirebaseAnalytics: b5efc493eb0f40ec560b04a472e3e1a15d39ca13
  FirebaseCore: 11dc8a16dfb7c5e3c3f45ba0e191a33ac4f50894
  FirebaseCoreInternal: df84dd300b561c27d5571684f389bf60b0a5c934
  FirebaseInstallations: 913cf60d0400ebd5d6b63a28b290372ab44590dd
  Fyber_Marketplace_SDK: 50fb9e3077ddbd99e3da08dfcaab60df689ac106
  Google-Mobile-Ads-SDK: 204b517c9765169144cf39763c7f5d23c57a9db0
  GoogleAppMeasurement: f3abf08495ef2cba7829f15318c373b8d9226491
  GoogleMobileAdsMediationAppLovin: bdd093b9b0469da3206aa7fc049ce92f2b672822
  GoogleMobileAdsMediationChartboost: ef674600037f6ccd046df19ed663d223e4822026
  GoogleMobileAdsMediationFacebook: 7518dd4c3fd514f66525719a7b84e651ad1b4a39
  GoogleMobileAdsMediationFyber: b87054f0cc1b42e6d31db6f6b62a5143d2a52b88
  GoogleMobileAdsMediationIronSource: 2c29b006dcfd3a61532842e45fc408e7c2a4c3af
  GoogleMobileAdsMediationMintegral: d51722fd36776517ba54ab08dfc010d61346f087
  GoogleMobileAdsMediationUnity: 981b2a938d042cbc3d8f55c481ea663a783f1be3
  GoogleMobileAdsMediationVungle: bd2d25d360107ef2cf3832c8bb55d2372411992e
  GoogleUserMessagingPlatform: dce302b8f1b84d6e945812ee7a15c3f65a102cbf
  GoogleUtilities: ea963c370a38a8069cc5f7ba4ca849a60b6d7d15
  IronSourceSDK: a5b59c1bf7178b101fa1362aab86d82d1d0b377c
  IvyiOSSdk: 6aa0d89fcacbb2044073d125a78b99907c47e235
  MintegralAdSDK: 0f9b41d7d49d0e90cbe27cdcb62fc1208e25e85d
  nanopb: 438bc412db1928dac798aa6fd75726007be04262
  PromisesObjC: f5707f49cb48b9636751c5b2e7d227e43fba9f47
  UnityAds: f89ac1e717f5d566a58479a5b7cb9ed3a744cae3
  VungleAds: 04a17ab51fb61f41cd6d666fd0024509005740fe
  YandexMobileAds: b4c8789fb2cc1540fc16bc94f2c18ce2d031ccc7
  YandexMobileMetrica: f5368ee93f286c793d73b58da00929babfc897c1

PODFILE CHECKSUM: b1ae4c02f09f9da92f3d515168b89ae0a07a3d1b

COCOAPODS: 1.15.2
